PODS:
  - FBSnapshotTestCase (2.1.4):
    - FBSnapshotTestCase/SwiftSupport (= 2.1.4)
  - FBSnapshotTestCase/Core (2.1.4)
  - FBSnapshotTestCase/SwiftSupport (2.1.4):
    - FBSnapshotTestCase/Core
  - TBFontAdjust (0.1.0)

DEPENDENCIES:
  - FBSnapshotTestCase
  - TBFontAdjust (from `../TBFontAdjust.podspec`)

EXTERNAL SOURCES:
  TBFontAdjust:
    :podspec: ../TBFontAdjust.podspec

SPEC CHECKSUMS:
  FBSnapshotTestCase: 094f9f314decbabe373b87cc339bea235a63e07a
  TBFontAdjust: d083f1da970c857acdaf283138c24ac873f795f9

PODFILE CHECKSUM: e7f7060fd11b729e27fd4eba7ee79aa97619f558

COCOAPODS: 1.4.0.beta.1
